// !$*UTF8*$!
{
	archiveVersion = 1;
	classes = {
	};
	objectVersion = 50;
	objects = {

/* Begin PBXBuildFile section */
		3AADCBE12929CAD900FB8AFD /* ANFNetworkingService.swift in Sources */ = {isa = PBXBuildFile; fileRef = 3AADCBE02929CAD900FB8AFD /* ANFNetworkingService.swift */; };
		3AADCBE3292A03CE00FB8AFD /* ANFProductsCardTableViewController.swift in Sources */ = {isa = PBXBuildFile; fileRef = 3AADCBE2292A03CE00FB8AFD /* ANFProductsCardTableViewController.swift */; };
		3AADCBE8292AC7BC00FB8AFD /* ANFProductItemCell.swift in Sources */ = {isa = PBXBuildFile; fileRef = 3AADCBE7292AC7BC00FB8AFD /* ANFProductItemCell.swift */; };
		3AADCBEB292AC95900FB8AFD /* ANFProductItem.swift in Sources */ = {isa = PBXBuildFile; fileRef = 3AADCBEA292AC95900FB8AFD /* ANFProductItem.swift */; };
		3AADCBED292AC97F00FB8AFD /* ANFProductContent.swift in Sources */ = {isa = PBXBuildFile; fileRef = 3AADCBEC292AC97F00FB8AFD /* ANFProductContent.swift */; };
		3AADCBEF292AC9BA00FB8AFD /* ANFImageProviderService.swift in Sources */ = {isa = PBXBuildFile; fileRef = 3AADCBEE292AC9BA00FB8AFD /* ANFImageProviderService.swift */; };
		3AADCBF2292BB7EF00FB8AFD /* NSAttributedString+ANF.swift in Sources */ = {isa = PBXBuildFile; fileRef = 3AADCBF1292BB7EF00FB8AFD /* NSAttributedString+ANF.swift */; };
		3AADCBF4292BB89C00FB8AFD /* ANFProductContentDataCell.swift in Sources */ = {isa = PBXBuildFile; fileRef = 3AADCBF3292BB89C00FB8AFD /* ANFProductContentDataCell.swift */; };
		3AADCBF6292BB94400FB8AFD /* ANFProductProviderService.swift in Sources */ = {isa = PBXBuildFile; fileRef = 3AADCBF5292BB94400FB8AFD /* ANFProductProviderService.swift */; };
		3AADCBF9292BBCCF00FB8AFD /* ANFNetworkRequestable.swift in Sources */ = {isa = PBXBuildFile; fileRef = 3AADCBF8292BBCCF00FB8AFD /* ANFNetworkRequestable.swift */; };
		3AADCBFB292BBF6700FB8AFD /* ANFProductCellHeightCalculator.swift in Sources */ = {isa = PBXBuildFile; fileRef = 3AADCBFA292BBF6700FB8AFD /* ANFProductCellHeightCalculator.swift */; };
		3AADCBFE292BC2BE00FB8AFD /* ANFStartupCoordinator.swift in Sources */ = {isa = PBXBuildFile; fileRef = 3AADCBFD292BC2BE00FB8AFD /* ANFStartupCoordinator.swift */; };
		3AADCC00292BC36500FB8AFD /* ANFContentButton.swift in Sources */ = {isa = PBXBuildFile; fileRef = 3AADCBFF292BC36500FB8AFD /* ANFContentButton.swift */; };
		3AADCC02292BD4BF00FB8AFD /* ANFProductsCardTableViewControllerTests.swift in Sources */ = {isa = PBXBuildFile; fileRef = 3AADCC01292BD4BF00FB8AFD /* ANFProductsCardTableViewControllerTests.swift */; };
		3AADCC04292BD73F00FB8AFD /* ANFImageProviderTests.swift in Sources */ = {isa = PBXBuildFile; fileRef = 3AADCC03292BD73F00FB8AFD /* ANFImageProviderTests.swift */; };
		3AADCC06292BD75D00FB8AFD /* ANFProductsProviderTests.swift in Sources */ = {isa = PBXBuildFile; fileRef = 3AADCC05292BD75D00FB8AFD /* ANFProductsProviderTests.swift */; };
		3AADCC09292BF2DC00FB8AFD /* ANFProductItem.swift in Sources */ = {isa = PBXBuildFile; fileRef = 3AADCBEA292AC95900FB8AFD /* ANFProductItem.swift */; };
		3AADCC0A292BF32C00FB8AFD /* ANFProductContent.swift in Sources */ = {isa = PBXBuildFile; fileRef = 3AADCBEC292AC97F00FB8AFD /* ANFProductContent.swift */; };
		3AADCC0C292BF42000FB8AFD /* ANFNetworkingService.swift in Sources */ = {isa = PBXBuildFile; fileRef = 3AADCBE02929CAD900FB8AFD /* ANFNetworkingService.swift */; };
		3AADCC0D292BF43900FB8AFD /* ANFNetworkRequestable.swift in Sources */ = {isa = PBXBuildFile; fileRef = 3AADCBF8292BBCCF00FB8AFD /* ANFNetworkRequestable.swift */; };
		3AADCC0E292BF46B00FB8AFD /* ANFProductCellHeightCalculator.swift in Sources */ = {isa = PBXBuildFile; fileRef = 3AADCBFA292BBF6700FB8AFD /* ANFProductCellHeightCalculator.swift */; };
		3AADCC0F292BF49600FB8AFD /* ANFImageProviderService.swift in Sources */ = {isa = PBXBuildFile; fileRef = 3AADCBEE292AC9BA00FB8AFD /* ANFImageProviderService.swift */; };
		3AADCC10292BF5F800FB8AFD /* ANFProductItemCell.swift in Sources */ = {isa = PBXBuildFile; fileRef = 3AADCBE7292AC7BC00FB8AFD /* ANFProductItemCell.swift */; };
		3AADCC11292BF60D00FB8AFD /* ANFProductContentDataCell.swift in Sources */ = {isa = PBXBuildFile; fileRef = 3AADCBF3292BB89C00FB8AFD /* ANFProductContentDataCell.swift */; };
		3AADCC12292BF64F00FB8AFD /* ANFContentButton.swift in Sources */ = {isa = PBXBuildFile; fileRef = 3AADCBFF292BC36500FB8AFD /* ANFContentButton.swift */; };
		3AADCC14292C93D000FB8AFD /* ANFProductRequestServiceTests.swift in Sources */ = {isa = PBXBuildFile; fileRef = 3AADCC13292C93CF00FB8AFD /* ANFProductRequestServiceTests.swift */; };
		3AADCC16292CFF5B00FB8AFD /* ANFProductItemTests.swift in Sources */ = {isa = PBXBuildFile; fileRef = 3AADCC15292CFF5B00FB8AFD /* ANFProductItemTests.swift */; };
		3E4AB93A2676D86100C79456 /* exploreData.json in Resources */ = {isa = PBXBuildFile; fileRef = 3E4AB9392676D86100C79456 /* exploreData.json */; };
		3E727ED326727088006C11AC /* AppDelegate.swift in Sources */ = {isa = PBXBuildFile; fileRef = 3E727ED226727088006C11AC /* AppDelegate.swift */; };
		3E727ED526727088006C11AC /* SceneDelegate.swift in Sources */ = {isa = PBXBuildFile; fileRef = 3E727ED426727088006C11AC /* SceneDelegate.swift */; };
		3E727EDA26727088006C11AC /* Main.storyboard in Resources */ = {isa = PBXBuildFile; fileRef = 3E727ED826727088006C11AC /* Main.storyboard */; };
		3E727EDC2672708B006C11AC /* Assets.xcassets in Resources */ = {isa = PBXBuildFile; fileRef = 3E727EDB2672708B006C11AC /* Assets.xcassets */; };
		3E727EDF2672708B006C11AC /* LaunchScreen.storyboard in Resources */ = {isa = PBXBuildFile; fileRef = 3E727EDD2672708B006C11AC /* LaunchScreen.storyboard */; };
		3E727EEA2672708B006C11AC /* ANFExploreCardTableViewControllerTests.swift in Sources */ = {isa = PBXBuildFile; fileRef = 3E727EE92672708B006C11AC /* ANFExploreCardTableViewControllerTests.swift */; };
		3E727F03267281F7006C11AC /* ANFExploreCardTableViewController.swift in Sources */ = {isa = PBXBuildFile; fileRef = 3E727F02267281F7006C11AC /* ANFExploreCardTableViewController.swift */; };
/* End PBXBuildFile section */

/* Begin PBXContainerItemProxy section */
		3E727EE62672708B006C11AC /* PBXContainerItemProxy */ = {
			isa = PBXContainerItemProxy;
			containerPortal = 3E727EC726727088006C11AC /* Project object */;
			proxyType = 1;
			remoteGlobalIDString = 3E727ECE26727088006C11AC;
			remoteInfo = "ANF Code Test";
		};
/* End PBXContainerItemProxy section */

/* Begin PBXFileReference section */
		3AADCBE02929CAD900FB8AFD /* ANFNetworkingService.swift */ = {isa = PBXFileReference; lastKnownFileType = sourcecode.swift; path = ANFNetworkingService.swift; sourceTree = "<group>"; };
		3AADCBE2292A03CE00FB8AFD /* ANFProductsCardTableViewController.swift */ = {isa = PBXFileReference; lastKnownFileType = sourcecode.swift; path = ANFProductsCardTableViewController.swift; sourceTree = "<group>"; };
		3AADCBE7292AC7BC00FB8AFD /* ANFProductItemCell.swift */ = {isa = PBXFileReference; lastKnownFileType = sourcecode.swift; path = ANFProductItemCell.swift; sourceTree = "<group>"; };
		3AADCBEA292AC95900FB8AFD /* ANFProductItem.swift */ = {isa = PBXFileReference; lastKnownFileType = sourcecode.swift; path = ANFProductItem.swift; sourceTree = "<group>"; };
		3AADCBEC292AC97F00FB8AFD /* ANFProductContent.swift */ = {isa = PBXFileReference; lastKnownFileType = sourcecode.swift; path = ANFProductContent.swift; sourceTree = "<group>"; };
		3AADCBEE292AC9BA00FB8AFD /* ANFImageProviderService.swift */ = {isa = PBXFileReference; lastKnownFileType = sourcecode.swift; path = ANFImageProviderService.swift; sourceTree = "<group>"; };
		3AADCBF1292BB7EF00FB8AFD /* NSAttributedString+ANF.swift */ = {isa = PBXFileReference; lastKnownFileType = sourcecode.swift; path = "NSAttributedString+ANF.swift"; sourceTree = "<group>"; };
		3AADCBF3292BB89C00FB8AFD /* ANFProductContentDataCell.swift */ = {isa = PBXFileReference; lastKnownFileType = sourcecode.swift; path = ANFProductContentDataCell.swift; sourceTree = "<group>"; };
		3AADCBF5292BB94400FB8AFD /* ANFProductProviderService.swift */ = {isa = PBXFileReference; lastKnownFileType = sourcecode.swift; path = ANFProductProviderService.swift; sourceTree = "<group>"; };
		3AADCBF8292BBCCF00FB8AFD /* ANFNetworkRequestable.swift */ = {isa = PBXFileReference; lastKnownFileType = sourcecode.swift; path = ANFNetworkRequestable.swift; sourceTree = "<group>"; };
		3AADCBFA292BBF6700FB8AFD /* ANFProductCellHeightCalculator.swift */ = {isa = PBXFileReference; lastKnownFileType = sourcecode.swift; path = ANFProductCellHeightCalculator.swift; sourceTree = "<group>"; };
		3AADCBFD292BC2BE00FB8AFD /* ANFStartupCoordinator.swift */ = {isa = PBXFileReference; lastKnownFileType = sourcecode.swift; path = ANFStartupCoordinator.swift; sourceTree = "<group>"; };
		3AADCBFF292BC36500FB8AFD /* ANFContentButton.swift */ = {isa = PBXFileReference; lastKnownFileType = sourcecode.swift; path = ANFContentButton.swift; sourceTree = "<group>"; };
		3AADCC01292BD4BF00FB8AFD /* ANFProductsCardTableViewControllerTests.swift */ = {isa = PBXFileReference; lastKnownFileType = sourcecode.swift; path = ANFProductsCardTableViewControllerTests.swift; sourceTree = "<group>"; };
		3AADCC03292BD73F00FB8AFD /* ANFImageProviderTests.swift */ = {isa = PBXFileReference; lastKnownFileType = sourcecode.swift; path = ANFImageProviderTests.swift; sourceTree = "<group>"; };
		3AADCC05292BD75D00FB8AFD /* ANFProductsProviderTests.swift */ = {isa = PBXFileReference; lastKnownFileType = sourcecode.swift; path = ANFProductsProviderTests.swift; sourceTree = "<group>"; };
		3AADCC13292C93CF00FB8AFD /* ANFProductRequestServiceTests.swift */ = {isa = PBXFileReference; lastKnownFileType = sourcecode.swift; path = ANFProductRequestServiceTests.swift; sourceTree = "<group>"; };
		3AADCC15292CFF5B00FB8AFD /* ANFProductItemTests.swift */ = {isa = PBXFileReference; lastKnownFileType = sourcecode.swift; path = ANFProductItemTests.swift; sourceTree = "<group>"; };
		3E4AB9392676D86100C79456 /* exploreData.json */ = {isa = PBXFileReference; fileEncoding = 4; lastKnownFileType = text.json; path = exploreData.json; sourceTree = "<group>"; };
		3E727ECF26727088006C11AC /* ANF Code Test.app */ = {isa = PBXFileReference; explicitFileType = wrapper.application; includeInIndex = 0; path = "ANF Code Test.app"; sourceTree = BUILT_PRODUCTS_DIR; };
		3E727ED226727088006C11AC /* AppDelegate.swift */ = {isa = PBXFileReference; lastKnownFileType = sourcecode.swift; path = AppDelegate.swift; sourceTree = "<group>"; };
		3E727ED426727088006C11AC /* SceneDelegate.swift */ = {isa = PBXFileReference; lastKnownFileType = sourcecode.swift; path = SceneDelegate.swift; sourceTree = "<group>"; };
		3E727ED926727088006C11AC /* Base */ = {isa = PBXFileReference; lastKnownFileType = file.storyboard; name = Base; path = Base.lproj/Main.storyboard; sourceTree = "<group>"; };
		3E727EDB2672708B006C11AC /* Assets.xcassets */ = {isa = PBXFileReference; lastKnownFileType = folder.assetcatalog; path = Assets.xcassets; sourceTree = "<group>"; };
		3E727EDE2672708B006C11AC /* Base */ = {isa = PBXFileReference; lastKnownFileType = file.storyboard; name = Base; path = Base.lproj/LaunchScreen.storyboard; sourceTree = "<group>"; };
		3E727EE02672708B006C11AC /* Info.plist */ = {isa = PBXFileReference; lastKnownFileType = text.plist.xml; path = Info.plist; sourceTree = "<group>"; };
		3E727EE52672708B006C11AC /* ANF Code TestTests.xctest */ = {isa = PBXFileReference; explicitFileType = wrapper.cfbundle; includeInIndex = 0; path = "ANF Code TestTests.xctest"; sourceTree = BUILT_PRODUCTS_DIR; };
		3E727EE92672708B006C11AC /* ANFExploreCardTableViewControllerTests.swift */ = {isa = PBXFileReference; lastKnownFileType = sourcecode.swift; path = ANFExploreCardTableViewControllerTests.swift; sourceTree = "<group>"; };
		3E727EEB2672708B006C11AC /* Info.plist */ = {isa = PBXFileReference; lastKnownFileType = text.plist.xml; path = Info.plist; sourceTree = "<group>"; };
		3E727F02267281F7006C11AC /* ANFExploreCardTableViewController.swift */ = {isa = PBXFileReference; lastKnownFileType = sourcecode.swift; path = ANFExploreCardTableViewController.swift; sourceTree = "<group>"; };
/* End PBXFileReference section */

/* Begin PBXFrameworksBuildPhase section */
		3E727ECC26727088006C11AC /* Frameworks */ = {
			isa = PBXFrameworksBuildPhase;
			buildActionMask = 2147483647;
			files = (
			);
			runOnlyForDeploymentPostprocessing = 0;
		};
		3E727EE22672708B006C11AC /* Frameworks */ = {
			isa = PBXFrameworksBuildPhase;
			buildActionMask = 2147483647;
			files = (
			);
			runOnlyForDeploymentPostprocessing = 0;
		};
/* End PBXFrameworksBuildPhase section */

/* Begin PBXGroup section */
		3AADCBE4292AC78200FB8AFD /* ViewControllers */ = {
			isa = PBXGroup;
			children = (
				3E727F02267281F7006C11AC /* ANFExploreCardTableViewController.swift */,
				3AADCBE2292A03CE00FB8AFD /* ANFProductsCardTableViewController.swift */,
			);
			path = ViewControllers;
			sourceTree = "<group>";
		};
		3AADCBE5292AC78C00FB8AFD /* Models */ = {
			isa = PBXGroup;
			children = (
				3AADCBEA292AC95900FB8AFD /* ANFProductItem.swift */,
				3AADCBEC292AC97F00FB8AFD /* ANFProductContent.swift */,
			);
			path = Models;
			sourceTree = "<group>";
		};
		3AADCBE6292AC79C00FB8AFD /* TableViewCells */ = {
			isa = PBXGroup;
			children = (
				3AADCBE7292AC7BC00FB8AFD /* ANFProductItemCell.swift */,
				3AADCBF3292BB89C00FB8AFD /* ANFProductContentDataCell.swift */,
			);
			path = TableViewCells;
			sourceTree = "<group>";
		};
		3AADCBE9292AC93000FB8AFD /* Services */ = {
			isa = PBXGroup;
			children = (
				3AADCBEE292AC9BA00FB8AFD /* ANFImageProviderService.swift */,
				3AADCBE02929CAD900FB8AFD /* ANFNetworkingService.swift */,
				3AADCBF5292BB94400FB8AFD /* ANFProductProviderService.swift */,
			);
			path = Services;
			sourceTree = "<group>";
		};
		3AADCBF0292BB7AF00FB8AFD /* Extensions & SubClasses */ = {
			isa = PBXGroup;
			children = (
				3AADCBF1292BB7EF00FB8AFD /* NSAttributedString+ANF.swift */,
				3AADCBFF292BC36500FB8AFD /* ANFContentButton.swift */,
			);
			path = "Extensions & SubClasses";
			sourceTree = "<group>";
		};
		3AADCBF7292BBCAA00FB8AFD /* Helpers & Utilities */ = {
			isa = PBXGroup;
			children = (
				3AADCBF8292BBCCF00FB8AFD /* ANFNetworkRequestable.swift */,
				3AADCBFA292BBF6700FB8AFD /* ANFProductCellHeightCalculator.swift */,
			);
			path = "Helpers & Utilities";
			sourceTree = "<group>";
		};
		3AADCBFC292BC2AA00FB8AFD /* Coordinators */ = {
			isa = PBXGroup;
			children = (
				3AADCBFD292BC2BE00FB8AFD /* ANFStartupCoordinator.swift */,
			);
			path = Coordinators;
			sourceTree = "<group>";
		};
		3E727EC626727088006C11AC = {
			isa = PBXGroup;
			children = (
				3E727ED126727088006C11AC /* ANF Code Test */,
				3E727EE82672708B006C11AC /* ANF Code TestTests */,
				3E727ED026727088006C11AC /* Products */,
			);
			sourceTree = "<group>";
		};
		3E727ED026727088006C11AC /* Products */ = {
			isa = PBXGroup;
			children = (
				3E727ECF26727088006C11AC /* ANF Code Test.app */,
				3E727EE52672708B006C11AC /* ANF Code TestTests.xctest */,
			);
			name = Products;
			sourceTree = "<group>";
		};
		3E727ED126727088006C11AC /* ANF Code Test */ = {
			isa = PBXGroup;
			children = (
				3AADCBFC292BC2AA00FB8AFD /* Coordinators */,
				3AADCBF7292BBCAA00FB8AFD /* Helpers & Utilities */,
				3AADCBF0292BB7AF00FB8AFD /* Extensions & SubClasses */,
				3AADCBE9292AC93000FB8AFD /* Services */,
				3AADCBE6292AC79C00FB8AFD /* TableViewCells */,
				3AADCBE5292AC78C00FB8AFD /* Models */,
				3AADCBE4292AC78200FB8AFD /* ViewControllers */,
				3E727ED226727088006C11AC /* AppDelegate.swift */,
				3E727ED426727088006C11AC /* SceneDelegate.swift */,
				3E727ED826727088006C11AC /* Main.storyboard */,
				3E727EDB2672708B006C11AC /* Assets.xcassets */,
				3E727EDD2672708B006C11AC /* LaunchScreen.storyboard */,
				3E727EE02672708B006C11AC /* Info.plist */,
				3E4AB9392676D86100C79456 /* exploreData.json */,
			);
			path = "ANF Code Test";
			sourceTree = "<group>";
		};
		3E727EE82672708B006C11AC /* ANF Code TestTests */ = {
			isa = PBXGroup;
			children = (
				3E727EE92672708B006C11AC /* ANFExploreCardTableViewControllerTests.swift */,
				3E727EEB2672708B006C11AC /* Info.plist */,
				3AADCC01292BD4BF00FB8AFD /* ANFProductsCardTableViewControllerTests.swift */,
				3AADCC03292BD73F00FB8AFD /* ANFImageProviderTests.swift */,
				3AADCC05292BD75D00FB8AFD /* ANFProductsProviderTests.swift */,
				3AADCC13292C93CF00FB8AFD /* ANFProductRequestServiceTests.swift */,
				3AADCC15292CFF5B00FB8AFD /* ANFProductItemTests.swift */,
			);
			path = "ANF Code TestTests";
			sourceTree = "<group>";
		};
/* End PBXGroup section */

/* Begin PBXNativeTarget section */
		3E727ECE26727088006C11AC /* ANF Code Test */ = {
			isa = PBXNativeTarget;
			buildConfigurationList = 3E727EF92672708B006C11AC /* Build configuration list for PBXNativeTarget "ANF Code Test" */;
			buildPhases = (
				3E727ECB26727088006C11AC /* Sources */,
				3E727ECC26727088006C11AC /* Frameworks */,
				3E727ECD26727088006C11AC /* Resources */,
			);
			buildRules = (
			);
			dependencies = (
			);
			name = "ANF Code Test";
			productName = "ANF Code Test";
			productReference = 3E727ECF26727088006C11AC /* ANF Code Test.app */;
			productType = "com.apple.product-type.application";
		};
		3E727EE42672708B006C11AC /* ANF Code TestTests */ = {
			isa = PBXNativeTarget;
			buildConfigurationList = 3E727EFC2672708B006C11AC /* Build configuration list for PBXNativeTarget "ANF Code TestTests" */;
			buildPhases = (
				3E727EE12672708B006C11AC /* Sources */,
				3E727EE22672708B006C11AC /* Frameworks */,
				3E727EE32672708B006C11AC /* Resources */,
			);
			buildRules = (
			);
			dependencies = (
				3E727EE72672708B006C11AC /* PBXTargetDependency */,
			);
			name = "ANF Code TestTests";
			productName = "ANF Code TestTests";
			productReference = 3E727EE52672708B006C11AC /* ANF Code TestTests.xctest */;
			productType = "com.apple.product-type.bundle.unit-test";
		};
/* End PBXNativeTarget section */

/* Begin PBXProject section */
		3E727EC726727088006C11AC /* Project object */ = {
			isa = PBXProject;
			attributes = {
				LastSwiftUpdateCheck = 1250;
				LastUpgradeCheck = 1250;
				TargetAttributes = {
					3E727ECE26727088006C11AC = {
						CreatedOnToolsVersion = 12.5;
					};
					3E727EE42672708B006C11AC = {
						CreatedOnToolsVersion = 12.5;
						TestTargetID = 3E727ECE26727088006C11AC;
					};
				};
			};
			buildConfigurationList = 3E727ECA26727088006C11AC /* Build configuration list for PBXProject "ANF Code Test" */;
			compatibilityVersion = "Xcode 9.3";
			developmentRegion = en;
			hasScannedForEncodings = 0;
			knownRegions = (
				en,
				Base,
			);
			mainGroup = 3E727EC626727088006C11AC;
			productRefGroup = 3E727ED026727088006C11AC /* Products */;
			projectDirPath = "";
			projectRoot = "";
			targets = (
				3E727ECE26727088006C11AC /* ANF Code Test */,
				3E727EE42672708B006C11AC /* ANF Code TestTests */,
			);
		};
/* End PBXProject section */

/* Begin PBXResourcesBuildPhase section */
		3E727ECD26727088006C11AC /* Resources */ = {
			isa = PBXResourcesBuildPhase;
			buildActionMask = 2147483647;
			files = (
				3E727EDF2672708B006C11AC /* LaunchScreen.storyboard in Resources */,
				3E727EDC2672708B006C11AC /* Assets.xcassets in Resources */,
				3E727EDA26727088006C11AC /* Main.storyboard in Resources */,
				3E4AB93A2676D86100C79456 /* exploreData.json in Resources */,
			);
			runOnlyForDeploymentPostprocessing = 0;
		};
		3E727EE32672708B006C11AC /* Resources */ = {
			isa = PBXResourcesBuildPhase;
			buildActionMask = 2147483647;
			files = (
			);
			runOnlyForDeploymentPostprocessing = 0;
		};
/* End PBXResourcesBuildPhase section */

/* Begin PBXSourcesBuildPhase section */
		3E727ECB26727088006C11AC /* Sources */ = {
			isa = PBXSourcesBuildPhase;
			buildActionMask = 2147483647;
			files = (
				3AADCBE8292AC7BC00FB8AFD /* ANFProductItemCell.swift in Sources */,
				3E727F03267281F7006C11AC /* ANFExploreCardTableViewController.swift in Sources */,
				3AADCBFB292BBF6700FB8AFD /* ANFProductCellHeightCalculator.swift in Sources */,
				3AADCBEF292AC9BA00FB8AFD /* ANFImageProviderService.swift in Sources */,
				3AADCBF4292BB89C00FB8AFD /* ANFProductContentDataCell.swift in Sources */,
				3E727ED326727088006C11AC /* AppDelegate.swift in Sources */,
				3AADCBED292AC97F00FB8AFD /* ANFProductContent.swift in Sources */,
				3AADCBFE292BC2BE00FB8AFD /* ANFStartupCoordinator.swift in Sources */,
				3AADCBE3292A03CE00FB8AFD /* ANFProductsCardTableViewController.swift in Sources */,
				3AADCBF9292BBCCF00FB8AFD /* ANFNetworkRequestable.swift in Sources */,
				3AADCBEB292AC95900FB8AFD /* ANFProductItem.swift in Sources */,
				3AADCBF6292BB94400FB8AFD /* ANFProductProviderService.swift in Sources */,
				3E727ED526727088006C11AC /* SceneDelegate.swift in Sources */,
				3AADCC00292BC36500FB8AFD /* ANFContentButton.swift in Sources */,
				3AADCBE12929CAD900FB8AFD /* ANFNetworkingService.swift in Sources */,
				3AADCBF2292BB7EF00FB8AFD /* NSAttributedString+ANF.swift in Sources */,
			);
			runOnlyForDeploymentPostprocessing = 0;
		};
		3E727EE12672708B006C11AC /* Sources */ = {
			isa = PBXSourcesBuildPhase;
			buildActionMask = 2147483647;
			files = (
				3AADCC0E292BF46B00FB8AFD /* ANFProductCellHeightCalculator.swift in Sources */,
				3AADCC0D292BF43900FB8AFD /* ANFNetworkRequestable.swift in Sources */,
				3AADCC06292BD75D00FB8AFD /* ANFProductsProviderTests.swift in Sources */,
				3AADCC04292BD73F00FB8AFD /* ANFImageProviderTests.swift in Sources */,
				3AADCC0A292BF32C00FB8AFD /* ANFProductContent.swift in Sources */,
				3AADCC12292BF64F00FB8AFD /* ANFContentButton.swift in Sources */,
				3AADCC0F292BF49600FB8AFD /* ANFImageProviderService.swift in Sources */,
				3AADCC14292C93D000FB8AFD /* ANFProductRequestServiceTests.swift in Sources */,
				3AADCC16292CFF5B00FB8AFD /* ANFProductItemTests.swift in Sources */,
				3AADCC11292BF60D00FB8AFD /* ANFProductContentDataCell.swift in Sources */,
				3AADCC0C292BF42000FB8AFD /* ANFNetworkingService.swift in Sources */,
				3AADCC09292BF2DC00FB8AFD /* ANFProductItem.swift in Sources */,
				3AADCC10292BF5F800FB8AFD /* ANFProductItemCell.swift in Sources */,
				3E727EEA2672708B006C11AC /* ANFExploreCardTableViewControllerTests.swift in Sources */,
				3AADCC02292BD4BF00FB8AFD /* ANFProductsCardTableViewControllerTests.swift in Sources */,
			);
			runOnlyForDeploymentPostprocessing = 0;
		};
/* End PBXSourcesBuildPhase section */

/* Begin PBXTargetDependency section */
		3E727EE72672708B006C11AC /* PBXTargetDependency */ = {
			isa = PBXTargetDependency;
			target = 3E727ECE26727088006C11AC /* ANF Code Test */;
			targetProxy = 3E727EE62672708B006C11AC /* PBXContainerItemProxy */;
		};
/* End PBXTargetDependency section */

/* Begin PBXVariantGroup section */
		3E727ED826727088006C11AC /* Main.storyboard */ = {
			isa = PBXVariantGroup;
			children = (
				3E727ED926727088006C11AC /* Base */,
			);
			name = Main.storyboard;
			sourceTree = "<group>";
		};
		3E727EDD2672708B006C11AC /* LaunchScreen.storyboard */ = {
			isa = PBXVariantGroup;
			children = (
				3E727EDE2672708B006C11AC /* Base */,
			);
			name = LaunchScreen.storyboard;
			sourceTree = "<group>";
		};
/* End PBXVariantGroup section */

/* Begin XCBuildConfiguration section */
		3E727EF72672708B006C11AC /* Debug */ = {
			isa = XCBuildConfiguration;
			buildSettings = {
				ALWAYS_SEARCH_USER_PATHS = NO;
				CLANG_ANALYZER_NONNULL = YES;
				CLANG_ANALYZER_NUMBER_OBJECT_CONVERSION = YES_AGGRESSIVE;
				CLANG_CXX_LANGUAGE_STANDARD = "gnu++14";
				CLANG_CXX_LIBRARY = "libc++";
				CLANG_ENABLE_MODULES = YES;
				CLANG_ENABLE_OBJC_ARC = YES;
				CLANG_ENABLE_OBJC_WEAK = YES;
				CLANG_WARN_BLOCK_CAPTURE_AUTORELEASING = YES;
				CLANG_WARN_BOOL_CONVERSION = YES;
				CLANG_WARN_COMMA = YES;
				CLANG_WARN_CONSTANT_CONVERSION = YES;
				CLANG_WARN_DEPRECATED_OBJC_IMPLEMENTATIONS = YES;
				CLANG_WARN_DIRECT_OBJC_ISA_USAGE = YES_ERROR;
				CLANG_WARN_DOCUMENTATION_COMMENTS = YES;
				CLANG_WARN_EMPTY_BODY = YES;
				CLANG_WARN_ENUM_CONVERSION = YES;
				CLANG_WARN_INFINITE_RECURSION = YES;
				CLANG_WARN_INT_CONVERSION = YES;
				CLANG_WARN_NON_LITERAL_NULL_CONVERSION = YES;
				CLANG_WARN_OBJC_IMPLICIT_RETAIN_SELF = YES;
				CLANG_WARN_OBJC_LITERAL_CONVERSION = YES;
				CLANG_WARN_OBJC_ROOT_CLASS = YES_ERROR;
				CLANG_WARN_QUOTED_INCLUDE_IN_FRAMEWORK_HEADER = YES;
				CLANG_WARN_RANGE_LOOP_ANALYSIS = YES;
				CLANG_WARN_STRICT_PROTOTYPES = YES;
				CLANG_WARN_SUSPICIOUS_MOVE = YES;
				CLANG_WARN_UNGUARDED_AVAILABILITY = YES_AGGRESSIVE;
				CLANG_WARN_UNREACHABLE_CODE = YES;
				CLANG_WARN__DUPLICATE_METHOD_MATCH = YES;
				CODE_SIGN_IDENTITY = "Apple Development";
				COPY_PHASE_STRIP = NO;
				DEBUG_INFORMATION_FORMAT = dwarf;
				ENABLE_STRICT_OBJC_MSGSEND = YES;
				ENABLE_TESTABILITY = YES;
				GCC_C_LANGUAGE_STANDARD = gnu11;
				GCC_DYNAMIC_NO_PIC = NO;
				GCC_NO_COMMON_BLOCKS = YES;
				GCC_OPTIMIZATION_LEVEL = 0;
				GCC_PREPROCESSOR_DEFINITIONS = (
					"DEBUG=1",
					"$(inherited)",
				);
				GCC_WARN_64_TO_32_BIT_CONVERSION = YES;
				GCC_WARN_ABOUT_RETURN_TYPE = YES_ERROR;
				GCC_WARN_UNDECLARED_SELECTOR = YES;
				GCC_WARN_UNINITIALIZED_AUTOS = YES_AGGRESSIVE;
				GCC_WARN_UNUSED_FUNCTION = YES;
				GCC_WARN_UNUSED_VARIABLE = YES;
				IPHONEOS_DEPLOYMENT_TARGET = 14.5;
				MTL_ENABLE_DEBUG_INFO = INCLUDE_SOURCE;
				MTL_FAST_MATH = YES;
				ONLY_ACTIVE_ARCH = YES;
				SDKROOT = iphoneos;
				SWIFT_ACTIVE_COMPILATION_CONDITIONS = DEBUG;
				SWIFT_OPTIMIZATION_LEVEL = "-Onone";
			};
			name = Debug;
		};
		3E727EF82672708B006C11AC /* Release */ = {
			isa = XCBuildConfiguration;
			buildSettings = {
				ALWAYS_SEARCH_USER_PATHS = NO;
				CLANG_ANALYZER_NONNULL = YES;
				CLANG_ANALYZER_NUMBER_OBJECT_CONVERSION = YES_AGGRESSIVE;
				CLANG_CXX_LANGUAGE_STANDARD = "gnu++14";
				CLANG_CXX_LIBRARY = "libc++";
				CLANG_ENABLE_MODULES = YES;
				CLANG_ENABLE_OBJC_ARC = YES;
				CLANG_ENABLE_OBJC_WEAK = YES;
				CLANG_WARN_BLOCK_CAPTURE_AUTORELEASING = YES;
				CLANG_WARN_BOOL_CONVERSION = YES;
				CLANG_WARN_COMMA = YES;
				CLANG_WARN_CONSTANT_CONVERSION = YES;
				CLANG_WARN_DEPRECATED_OBJC_IMPLEMENTATIONS = YES;
				CLANG_WARN_DIRECT_OBJC_ISA_USAGE = YES_ERROR;
				CLANG_WARN_DOCUMENTATION_COMMENTS = YES;
				CLANG_WARN_EMPTY_BODY = YES;
				CLANG_WARN_ENUM_CONVERSION = YES;
				CLANG_WARN_INFINITE_RECURSION = YES;
				CLANG_WARN_INT_CONVERSION = YES;
				CLANG_WARN_NON_LITERAL_NULL_CONVERSION = YES;
				CLANG_WARN_OBJC_IMPLICIT_RETAIN_SELF = YES;
				CLANG_WARN_OBJC_LITERAL_CONVERSION = YES;
				CLANG_WARN_OBJC_ROOT_CLASS = YES_ERROR;
				CLANG_WARN_QUOTED_INCLUDE_IN_FRAMEWORK_HEADER = YES;
				CLANG_WARN_RANGE_LOOP_ANALYSIS = YES;
				CLANG_WARN_STRICT_PROTOTYPES = YES;
				CLANG_WARN_SUSPICIOUS_MOVE = YES;
				CLANG_WARN_UNGUARDED_AVAILABILITY = YES_AGGRESSIVE;
				CLANG_WARN_UNREACHABLE_CODE = YES;
				CLANG_WARN__DUPLICATE_METHOD_MATCH = YES;
				CODE_SIGN_IDENTITY = "Apple Development";
				COPY_PHASE_STRIP = NO;
				DEBUG_INFORMATION_FORMAT = "dwarf-with-dsym";
				ENABLE_NS_ASSERTIONS = NO;
				ENABLE_STRICT_OBJC_MSGSEND = YES;
				GCC_C_LANGUAGE_STANDARD = gnu11;
				GCC_NO_COMMON_BLOCKS = YES;
				GCC_WARN_64_TO_32_BIT_CONVERSION = YES;
				GCC_WARN_ABOUT_RETURN_TYPE = YES_ERROR;
				GCC_WARN_UNDECLARED_SELECTOR = YES;
				GCC_WARN_UNINITIALIZED_AUTOS = YES_AGGRESSIVE;
				GCC_WARN_UNUSED_FUNCTION = YES;
				GCC_WARN_UNUSED_VARIABLE = YES;
				IPHONEOS_DEPLOYMENT_TARGET = 14.5;
				MTL_ENABLE_DEBUG_INFO = NO;
				MTL_FAST_MATH = YES;
				SDKROOT = iphoneos;
				SWIFT_COMPILATION_MODE = wholemodule;
				SWIFT_OPTIMIZATION_LEVEL = "-O";
				VALIDATE_PRODUCT = YES;
			};
			name = Release;
		};
		3E727EFA2672708B006C11AC /* Debug */ = {
			isa = XCBuildConfiguration;
			buildSettings = {
				ASSETCATALOG_COMPILER_APPICON_NAME = AppIcon;
				ASSETCATALOG_COMPILER_GLOBAL_ACCENT_COLOR_NAME = AccentColor;
				CODE_SIGN_IDENTITY = "Apple Development";
				CODE_SIGN_STYLE = Automatic;
				DEVELOPMENT_TEAM = RAHE33U4ZS;
				INFOPLIST_FILE = "ANF Code Test/Info.plist";
				LD_RUNPATH_SEARCH_PATHS = (
					"$(inherited)",
					"@executable_path/Frameworks",
				);
				PRODUCT_BUNDLE_IDENTIFIER = "com.abercrombie.ANF-Code-Test";
				PRODUCT_NAME = "$(TARGET_NAME)";
				PROVISIONING_PROFILE_SPECIFIER = "";
				SWIFT_VERSION = 5.0;
				TARGETED_DEVICE_FAMILY = 1;
			};
			name = Debug;
		};
		3E727EFB2672708B006C11AC /* Release */ = {
			isa = XCBuildConfiguration;
			buildSettings = {
				ASSETCATALOG_COMPILER_APPICON_NAME = AppIcon;
				ASSETCATALOG_COMPILER_GLOBAL_ACCENT_COLOR_NAME = AccentColor;
				CODE_SIGN_IDENTITY = "Apple Development";
				CODE_SIGN_STYLE = Automatic;
				DEVELOPMENT_TEAM = RAHE33U4ZS;
				INFOPLIST_FILE = "ANF Code Test/Info.plist";
				LD_RUNPATH_SEARCH_PATHS = (
					"$(inherited)",
					"@executable_path/Frameworks",
				);
				PRODUCT_BUNDLE_IDENTIFIER = "com.abercrombie.ANF-Code-Test";
				PRODUCT_NAME = "$(TARGET_NAME)";
				PROVISIONING_PROFILE_SPECIFIER = "";
				SWIFT_VERSION = 5.0;
				TARGETED_DEVICE_FAMILY = 1;
			};
			name = Release;
		};
		3E727EFD2672708B006C11AC /* Debug */ = {
			isa = XCBuildConfiguration;
			buildSettings = {
				ALWAYS_EMBED_SWIFT_STANDARD_LIBRARIES = YES;
				BUNDLE_LOADER = "$(TEST_HOST)";
				"CODE_SIGN_IDENTITY[sdk=macosx*]" = "-";
				CODE_SIGN_STYLE = Automatic;
				INFOPLIST_FILE = "ANF Code TestTests/Info.plist";
				IPHONEOS_DEPLOYMENT_TARGET = 14.5;
				LD_RUNPATH_SEARCH_PATHS = (
					"$(inherited)",
					"@executable_path/Frameworks",
					"@loader_path/Frameworks",
				);
				PRODUCT_BUNDLE_IDENTIFIER = "com.abercrombie.ANF-Code-TestTests";
				PRODUCT_NAME = "$(TARGET_NAME)";
				SWIFT_VERSION = 5.0;
				TARGETED_DEVICE_FAMILY = "1,2";
				TEST_HOST = "$(BUILT_PRODUCTS_DIR)/ANF Code Test.app/ANF Code Test";
			};
			name = Debug;
		};
		3E727EFE2672708B006C11AC /* Release */ = {
			isa = XCBuildConfiguration;
			buildSettings = {
				ALWAYS_EMBED_SWIFT_STANDARD_LIBRARIES = YES;
				BUNDLE_LOADER = "$(TEST_HOST)";
				"CODE_SIGN_IDENTITY[sdk=macosx*]" = "-";
				CODE_SIGN_STYLE = Automatic;
				INFOPLIST_FILE = "ANF Code TestTests/Info.plist";
				IPHONEOS_DEPLOYMENT_TARGET = 14.5;
				LD_RUNPATH_SEARCH_PATHS = (
					"$(inherited)",
					"@executable_path/Frameworks",
					"@loader_path/Frameworks",
				);
				PRODUCT_BUNDLE_IDENTIFIER = "com.abercrombie.ANF-Code-TestTests";
				PRODUCT_NAME = "$(TARGET_NAME)";
				SWIFT_VERSION = 5.0;
				TARGETED_DEVICE_FAMILY = "1,2";
				TEST_HOST = "$(BUILT_PRODUCTS_DIR)/ANF Code Test.app/ANF Code Test";
			};
			name = Release;
		};
/* End XCBuildConfiguration section */

/* Begin XCConfigurationList section */
		3E727ECA26727088006C11AC /* Build configuration list for PBXProject "ANF Code Test" */ = {
			isa = XCConfigurationList;
			buildConfigurations = (
				3E727EF72672708B006C11AC /* Debug */,
				3E727EF82672708B006C11AC /* Release */,
			);
			defaultConfigurationIsVisible = 0;
			defaultConfigurationName = Release;
		};
		3E727EF92672708B006C11AC /* Build configuration list for PBXNativeTarget "ANF Code Test" */ = {
			isa = XCConfigurationList;
			buildConfigurations = (
				3E727EFA2672708B006C11AC /* Debug */,
				3E727EFB2672708B006C11AC /* Release */,
			);
			defaultConfigurationIsVisible = 0;
			defaultConfigurationName = Release;
		};
		3E727EFC2672708B006C11AC /* Build configuration list for PBXNativeTarget "ANF Code TestTests" */ = {
			isa = XCConfigurationList;
			buildConfigurations = (
				3E727EFD2672708B006C11AC /* Debug */,
				3E727EFE2672708B006C11AC /* Release */,
			);
			defaultConfigurationIsVisible = 0;
			defaultConfigurationName = Release;
		};
/* End XCConfigurationList section */
	};
	rootObject = 3E727EC726727088006C11AC /* Project object */;
}
